
Microsoft Visual Studio Solution File, Format Version 12.00
# Visual Studio Version 17
VisualStudioVersion = 17.6.33829.357
MinimumVisualStudioVersion = 10.0.40219.1
Project("{FAE04EC0-301F-11D3-BF4B-00C04F79EFBC}") = "StudentsDiary", "StudentsDiary\StudentsDiary.csproj", "{6606562A-2297-4E48-8F20-B01F17B6CA8E}"
EndProject
Global
	GlobalSection(SolutionConfigurationPlatforms) = preSolution
		Debug|Any CPU = Debug|Any CPU
		Release|Any CPU = Release|Any CPU
	EndGlobalSection
	GlobalSection(ProjectConfigurationPlatforms) = postSolution
		{6606562A-2297-4E48-8F20-B01F17B6CA8E}.Debug|Any CPU.ActiveCfg = Debug|Any CPU
		{6606562A-2297-4E48-8F20-B01F17B6CA8E}.Debug|Any CPU.Build.0 = Debug|Any CPU
		{6606562A-2297-4E48-8F20-B01F17B6CA8E}.Release|Any CPU.ActiveCfg = Release|Any CPU
		{6606562A-2297-4E48-8F20-B01F17B6CA8E}.Release|Any CPU.Build.0 = Release|Any CPU
	EndGlobalSection
	GlobalSection(SolutionProperties) = preSolution
		HideSolutionNode = FALSE
	EndGlobalSection
	GlobalSection(ExtensibilityGlobals) = postSolution
		SolutionGuid = {42C987C2-5C89-4430-937C-70E61ED70573}
	EndGlobalSection
EndGlobal
